
Microsoft Visual Studio Solution File, Format Version 12.00
# Visual Studio Version 16
VisualStudioVersion = 16.0.29009.5
MinimumVisualStudioVersion = 10.0.40219.1
Project("{2150E333-8FDC-42A3-9474-1A3956D46DE8}") = "Solution Items", "Solution Items", "{EEE83F74-8A72-4483-8834-560AEA6B6B54}"
	ProjectSection(SolutionItems) = preProject
		README.md = README.md
		RELEASE_NOTES.md = RELEASE_NOTES.md
	EndProjectSection
EndProject
Project("{2150E333-8FDC-42A3-9474-1A3956D46DE8}") = "src", "src", "{21269731-84DA-45D2-9C42-FE0849007477}"
EndProject
Project("{2150E333-8FDC-42A3-9474-1A3956D46DE8}") = "generator", "generator", "{21A98E8C-B8AD-4DEC-9EA6-7F6850129BDD}"
	ProjectSection(SolutionItems) = preProject
		README.md = src/ElectronApi.Json.Parser/README.md
	EndProjectSection
EndProject
Project("{F2A71F9B-5D33-465A-A702-920D77279786}") = "ElectronApi.Json.Parser", "src\ElectronApi.Json.Parser\ElectronApi.Json.Parser.fsproj", "{9C98E173-9C0C-405A-A9C5-6307A14C0884}"
EndProject
Project("{F2A71F9B-5D33-465A-A702-920D77279786}") = "Fable.Electron.Remoting", "src\Fable.Electron.Remoting\Fable.Electron.Remoting.fsproj", "{71181E42-1CE3-441B-8949-F570E3E9F851}"
EndProject
Project("{2150E333-8FDC-42A3-9474-1A3956D46DE8}") = "ci", "ci", "{4EE75CB4-3CF5-487B-9B3E-71E5D566FA91}"
				ProjectSection(SolutionItems) = preProject
								workflows = .github/workflows/
				EndProjectSection
EndProject
Project("{F2A71F9B-5D33-465A-A702-920D77279786}") = "Build", "ci\Build.fsproj", "{240F3BA4-9B54-4D58-8100-1092FD709DF9}"
EndProject
Project("{F2A71F9B-5D33-465A-A702-920D77279786}") = "Fable.Electron", "src\Fable.Electron\Fable.Electron.fsproj", "{8B2AD073-9290-493D-8EF6-F7060691DA53}"
EndProject
Project("{2150E333-8FDC-42A3-9474-1A3956D46DE8}") = "tests", "tests", "{6BC35EF9-7D91-48E6-93D6-0A2AC6C38F44}"
EndProject
Project("{F2A71F9B-5D33-465A-A702-920D77279786}") = "Fable.Electron.Remoting.Tests", "tests\Fable.Electron.Remoting.Tests\Fable.Electron.Remoting.Tests.fsproj", "{B2284899-D1F9-4765-81A4-AFEC8C9D3BAD}"
EndProject
Project("{F2A71F9B-5D33-465A-A702-920D77279786}") = "Tests.Common", "tests\Tests.Common\Tests.Common.fsproj", "{2F908CB8-7F74-444F-B5F9-16CBF6625362}"
EndProject
Project("{2150E333-8FDC-42A3-9474-1A3956D46DE8}") = "docs", "docs", "{FE9AF4F1-7E20-45B7-A1C4-9A6CB6375B22}"
EndProject
Project("{F2A71F9B-5D33-465A-A702-920D77279786}") = "Docs", "docs\Docs.fsproj", "{8B7B62C3-BAD4-4A17-9E42-0754F5882D82}"
EndProject
Project("{F2A71F9B-5D33-465A-A702-920D77279786}") = "Fable.Electron.Forge", "src\Fable.Electron.Forge\Fable.Electron.Forge.fsproj", "{E0366D12-F76A-4691-ACA8-BB9BE4DFAC70}"
EndProject
Global
	GlobalSection(SolutionConfigurationPlatforms) = preSolution
		Debug|Any CPU = Debug|Any CPU
		Release|Any CPU = Release|Any CPU
	EndGlobalSection
	GlobalSection(ProjectConfigurationPlatforms) = postSolution
		{9C98E173-9C0C-405A-A9C5-6307A14C0884}.Debug|Any CPU.ActiveCfg = Debug|Any CPU
		{9C98E173-9C0C-405A-A9C5-6307A14C0884}.Debug|Any CPU.Build.0 = Debug|Any CPU
		{9C98E173-9C0C-405A-A9C5-6307A14C0884}.Release|Any CPU.ActiveCfg = Release|Any CPU
		{9C98E173-9C0C-405A-A9C5-6307A14C0884}.Release|Any CPU.Build.0 = Release|Any CPU
		{71181E42-1CE3-441B-8949-F570E3E9F851}.Debug|Any CPU.ActiveCfg = Debug|Any CPU
		{71181E42-1CE3-441B-8949-F570E3E9F851}.Debug|Any CPU.Build.0 = Debug|Any CPU
		{71181E42-1CE3-441B-8949-F570E3E9F851}.Release|Any CPU.ActiveCfg = Release|Any CPU
		{71181E42-1CE3-441B-8949-F570E3E9F851}.Release|Any CPU.Build.0 = Release|Any CPU
		{240F3BA4-9B54-4D58-8100-1092FD709DF9}.Debug|Any CPU.ActiveCfg = Debug|Any CPU
		{240F3BA4-9B54-4D58-8100-1092FD709DF9}.Debug|Any CPU.Build.0 = Debug|Any CPU
		{240F3BA4-9B54-4D58-8100-1092FD709DF9}.Release|Any CPU.ActiveCfg = Release|Any CPU
		{240F3BA4-9B54-4D58-8100-1092FD709DF9}.Release|Any CPU.Build.0 = Release|Any CPU
		{8B2AD073-9290-493D-8EF6-F7060691DA53}.Debug|Any CPU.ActiveCfg = Debug|Any CPU
		{8B2AD073-9290-493D-8EF6-F7060691DA53}.Debug|Any CPU.Build.0 = Debug|Any CPU
		{8B2AD073-9290-493D-8EF6-F7060691DA53}.Release|Any CPU.ActiveCfg = Release|Any CPU
		{8B2AD073-9290-493D-8EF6-F7060691DA53}.Release|Any CPU.Build.0 = Release|Any CPU
		{B2284899-D1F9-4765-81A4-AFEC8C9D3BAD}.Debug|Any CPU.ActiveCfg = Debug|Any CPU
		{B2284899-D1F9-4765-81A4-AFEC8C9D3BAD}.Debug|Any CPU.Build.0 = Debug|Any CPU
		{B2284899-D1F9-4765-81A4-AFEC8C9D3BAD}.Release|Any CPU.ActiveCfg = Release|Any CPU
		{B2284899-D1F9-4765-81A4-AFEC8C9D3BAD}.Release|Any CPU.Build.0 = Release|Any CPU
		{2F908CB8-7F74-444F-B5F9-16CBF6625362}.Debug|Any CPU.ActiveCfg = Debug|Any CPU
		{2F908CB8-7F74-444F-B5F9-16CBF6625362}.Debug|Any CPU.Build.0 = Debug|Any CPU
		{2F908CB8-7F74-444F-B5F9-16CBF6625362}.Release|Any CPU.ActiveCfg = Release|Any CPU
		{2F908CB8-7F74-444F-B5F9-16CBF6625362}.Release|Any CPU.Build.0 = Release|Any CPU
		{8B7B62C3-BAD4-4A17-9E42-0754F5882D82}.Debug|Any CPU.ActiveCfg = Debug|Any CPU
		{8B7B62C3-BAD4-4A17-9E42-0754F5882D82}.Debug|Any CPU.Build.0 = Debug|Any CPU
		{8B7B62C3-BAD4-4A17-9E42-0754F5882D82}.Release|Any CPU.ActiveCfg = Release|Any CPU
		{8B7B62C3-BAD4-4A17-9E42-0754F5882D82}.Release|Any CPU.Build.0 = Release|Any CPU
		{E0366D12-F76A-4691-ACA8-BB9BE4DFAC70}.Debug|Any CPU.ActiveCfg = Debug|Any CPU
		{E0366D12-F76A-4691-ACA8-BB9BE4DFAC70}.Debug|Any CPU.Build.0 = Debug|Any CPU
		{E0366D12-F76A-4691-ACA8-BB9BE4DFAC70}.Release|Any CPU.ActiveCfg = Release|Any CPU
		{E0366D12-F76A-4691-ACA8-BB9BE4DFAC70}.Release|Any CPU.Build.0 = Release|Any CPU
	EndGlobalSection
	GlobalSection(SolutionProperties) = preSolution
		HideSolutionNode = FALSE
	EndGlobalSection
	GlobalSection(ExtensibilityGlobals) = postSolution
		SolutionGuid = {66B92749-E1B0-4080-93C9-9D64FF13E164}
	EndGlobalSection
	GlobalSection(NestedProjects) = preSolution
		{21A98E8C-B8AD-4DEC-9EA6-7F6850129BDD} = {21269731-84DA-45D2-9C42-FE0849007477}
		{9C98E173-9C0C-405A-A9C5-6307A14C0884} = {21A98E8C-B8AD-4DEC-9EA6-7F6850129BDD}
		{71181E42-1CE3-441B-8949-F570E3E9F851} = {21269731-84DA-45D2-9C42-FE0849007477}
		{240F3BA4-9B54-4D58-8100-1092FD709DF9} = {4EE75CB4-3CF5-487B-9B3E-71E5D566FA91}
		{8B2AD073-9290-493D-8EF6-F7060691DA53} = {21269731-84DA-45D2-9C42-FE0849007477}
		{B2284899-D1F9-4765-81A4-AFEC8C9D3BAD} = {6BC35EF9-7D91-48E6-93D6-0A2AC6C38F44}
		{2F908CB8-7F74-444F-B5F9-16CBF6625362} = {6BC35EF9-7D91-48E6-93D6-0A2AC6C38F44}
		{8B7B62C3-BAD4-4A17-9E42-0754F5882D82} = {FE9AF4F1-7E20-45B7-A1C4-9A6CB6375B22}
		{E0366D12-F76A-4691-ACA8-BB9BE4DFAC70} = {21269731-84DA-45D2-9C42-FE0849007477}
	EndGlobalSection
EndGlobal
